
Microsoft Visual Studio Solution File, Format Version 12.00
# Visual Studio 15
VisualStudioVersion = 15.0.28307.902
MinimumVisualStudioVersion = 10.0.40219.1
Project("{8BC9CEB8-8B4A-11D0-8D11-00A0C91BC942}") = "HideMyWin", "HideMyWin\HideMyWin.vcxproj", "{D01C5F72-4760-470B-805B-6A6D348CBCDC}"
EndProject
Global
	GlobalSection(SolutionConfigurationPlatforms) = preSolution
		Debug|x64 = Debug|x64
		Debug|x86 = Debug|x86
		Release|x64 = Release|x64
		Release|x86 = Release|x86
	EndGlobalSection
	GlobalSection(ProjectConfigurationPlatforms) = postSolution
		{D01C5F72-4760-470B-805B-6A6D348CBCDC}.Debug|x64.ActiveCfg = Debug|x64
		{D01C5F72-4760-470B-805B-6A6D348CBCDC}.Debug|x64.Build.0 = Debug|x64
		{D01C5F72-4760-470B-805B-6A6D348CBCDC}.Debug|x86.ActiveCfg = Debug|Win32
		{D01C5F72-4760-470B-805B-6A6D348CBCDC}.Debug|x86.Build.0 = Debug|Win32
		{D01C5F72-4760-470B-805B-6A6D348CBCDC}.Release|x64.ActiveCfg = Release|x64
		{D01C5F72-4760-470B-805B-6A6D348CBCDC}.Release|x64.Build.0 = Release|x64
		{D01C5F72-4760-470B-805B-6A6D348CBCDC}.Release|x86.ActiveCfg = Release|Win32
		{D01C5F72-4760-470B-805B-6A6D348CBCDC}.Release|x86.Build.0 = Release|Win32
	EndGlobalSection
	GlobalSection(SolutionProperties) = preSolution
		HideSolutionNode = FALSE
	EndGlobalSection
	GlobalSection(ExtensibilityGlobals) = postSolution
		SolutionGuid = {9CE1F744-0A14-4AD0-A1BA-4D9391BF2712}
	EndGlobalSection
EndGlobal
